
Microsoft Visual Studio Solution File, Format Version 12.00
# Visual Studio 2013
VisualStudioVersion = 12.0.21005.1
MinimumVisualStudioVersion = 10.0.40219.1
Project("{FAE04EC0-301F-11D3-BF4B-00C04F79EFBC}") = "Test1", "Test1\Test1.csproj", "{A08974CA-8450-4294-9A9F-CCC87E1B22E3}"
EndProject
Global
	GlobalSection(SolutionConfigurationPlatforms) = preSolution
		Debug|Any CPU = Debug|Any CPU
		Release|Any CPU = Release|Any CPU
	EndGlobalSection
	GlobalSection(ProjectConfigurationPlatforms) = postSolution
		{A08974CA-8450-4294-9A9F-CCC87E1B22E3}.Debug|Any CPU.ActiveCfg = Debug|Any CPU
		{A08974CA-8450-4294-9A9F-CCC87E1B22E3}.Debug|Any CPU.Build.0 = Debug|Any CPU
		{A08974CA-8450-4294-9A9F-CCC87E1B22E3}.Release|Any CPU.ActiveCfg = Release|Any CPU
		{A08974CA-8450-4294-9A9F-CCC87E1B22E3}.Release|Any CPU.Build.0 = Release|Any CPU
	EndGlobalSection
	GlobalSection(SolutionProperties) = preSolution
		HideSolutionNode = FALSE
	EndGlobalSection
EndGlobal
